// !$*UTF8*$!
{
	archiveVersion = 1;
	classes = {
	};
	objectVersion = 50;
	objects = {

/* Begin PBXBuildFile section */
		6A54870824308C85004C904C /* AppDelegate.swift in Sources */ = {isa = PBXBuildFile; fileRef = 6A54870724308C85004C904C /* AppDelegate.swift */; };
		6A54870A24308C85004C904C /* SceneDelegate.swift in Sources */ = {isa = PBXBuildFile; fileRef = 6A54870924308C85004C904C /* SceneDelegate.swift */; };
		6A54870C24308C85004C904C /* ViewController.swift in Sources */ = {isa = PBXBuildFile; fileRef = 6A54870B24308C85004C904C /* ViewController.swift */; };
		6A54870F24308C85004C904C /* Main.storyboard in Resources */ = {isa = PBXBuildFile; fileRef = 6A54870D24308C85004C904C /* Main.storyboard */; };
		6A54871124308C85004C904C /* Assets.xcassets in Resources */ = {isa = PBXBuildFile; fileRef = 6A54871024308C85004C904C /* Assets.xcassets */; };
		6A54871424308C85004C904C /* LaunchScreen.storyboard in Resources */ = {isa = PBXBuildFile; fileRef = 6A54871224308C85004C904C /* LaunchScreen.storyboard */; };
		6A54871F24308D6A004C904C /* DogAPI.swift in Sources */ = {isa = PBXBuildFile; fileRef = 6A54871E24308D6A004C904C /* DogAPI.swift */; };
		6A54872124309570004C904C /* DogImage.swift in Sources */ = {isa = PBXBuildFile; fileRef = 6A54872024309570004C904C /* DogImage.swift */; };
/* End PBXBuildFile section */

/* Begin PBXFileReference section */
		6A54870424308C85004C904C /* Randog-1.0-Refactored.app */ = {isa = PBXFileReference; explicitFileType = wrapper.application; includeInIndex = 0; path = "Randog-1.0-Refactored.app"; sourceTree = BUILT_PRODUCTS_DIR; };
		6A54870724308C85004C904C /* AppDelegate.swift */ = {isa = PBXFileReference; lastKnownFileType = sourcecode.swift; path = AppDelegate.swift; sourceTree = "<group>"; };
		6A54870924308C85004C904C /* SceneDelegate.swift */ = {isa = PBXFileReference; lastKnownFileType = sourcecode.swift; path = SceneDelegate.swift; sourceTree = "<group>"; };
		6A54870B24308C85004C904C /* ViewController.swift */ = {isa = PBXFileReference; lastKnownFileType = sourcecode.swift; path = ViewController.swift; sourceTree = "<group>"; };
		6A54870E24308C85004C904C /* Base */ = {isa = PBXFileReference; lastKnownFileType = file.storyboard; name = Base; path = Base.lproj/Main.storyboard; sourceTree = "<group>"; };
		6A54871024308C85004C904C /* Assets.xcassets */ = {isa = PBXFileReference; lastKnownFileType = folder.assetcatalog; path = Assets.xcassets; sourceTree = "<group>"; };
		6A54871324308C85004C904C /* Base */ = {isa = PBXFileReference; lastKnownFileType = file.storyboard; name = Base; path = Base.lproj/LaunchScreen.storyboard; sourceTree = "<group>"; };
		6A54871524308C85004C904C /* Info.plist */ = {isa = PBXFileReference; lastKnownFileType = text.plist.xml; path = Info.plist; sourceTree = "<group>"; };
		6A54871E24308D6A004C904C /* DogAPI.swift */ = {isa = PBXFileReference; lastKnownFileType = sourcecode.swift; path = DogAPI.swift; sourceTree = "<group>"; };
		6A54872024309570004C904C /* DogImage.swift */ = {isa = PBXFileReference; lastKnownFileType = sourcecode.swift; path = DogImage.swift; sourceTree = "<group>"; };
/* End PBXFileReference section */

/* Begin PBXFrameworksBuildPhase section */
		6A54870124308C85004C904C /* Frameworks */ = {
			isa = PBXFrameworksBuildPhase;
			buildActionMask = 2147483647;
			files = (
			);
			runOnlyForDeploymentPostprocessing = 0;
		};
/* End PBXFrameworksBuildPhase section */

/* Begin PBXGroup section */
		6A5486FB24308C85004C904C = {
			isa = PBXGroup;
			children = (
				6A54870624308C85004C904C /* Randog-1.0-Refactored */,
				6A54870524308C85004C904C /* Products */,
			);
			sourceTree = "<group>";
		};
		6A54870524308C85004C904C /* Products */ = {
			isa = PBXGroup;
			children = (
				6A54870424308C85004C904C /* Randog-1.0-Refactored.app */,
			);
			name = Products;
			sourceTree = "<group>";
		};
		6A54870624308C85004C904C /* Randog-1.0-Refactored */ = {
			isa = PBXGroup;
			children = (
				6A54871D24308CAC004C904C /* Model */,
				6A54871B24308C91004C904C /* Controller */,
				6A54871C24308CA1004C904C /* View */,
				6A54871524308C85004C904C /* Info.plist */,
			);
			path = "Randog-1.0-Refactored";
			sourceTree = "<group>";
		};
		6A54871B24308C91004C904C /* Controller */ = {
			isa = PBXGroup;
			children = (
				6A54870724308C85004C904C /* AppDelegate.swift */,
				6A54870924308C85004C904C /* SceneDelegate.swift */,
				6A54870B24308C85004C904C /* ViewController.swift */,
			);
			path = Controller;
			sourceTree = "<group>";
		};
		6A54871C24308CA1004C904C /* View */ = {
			isa = PBXGroup;
			children = (
				6A54870D24308C85004C904C /* Main.storyboard */,
				6A54871024308C85004C904C /* Assets.xcassets */,
				6A54871224308C85004C904C /* LaunchScreen.storyboard */,
			);
			path = View;
			sourceTree = "<group>";
		};
		6A54871D24308CAC004C904C /* Model */ = {
			isa = PBXGroup;
			children = (
				6A54871E24308D6A004C904C /* DogAPI.swift */,
				6A54872024309570004C904C /* DogImage.swift */,
			);
			path = Model;
			sourceTree = "<group>";
		};
/* End PBXGroup section */

/* Begin PBXNativeTarget section */
		6A54870324308C85004C904C /* Randog-1.0-Refactored */ = {
			isa = PBXNativeTarget;
			buildConfigurationList = 6A54871824308C85004C904C /* Build configuration list for PBXNativeTarget "Randog-1.0-Refactored" */;
			buildPhases = (
				6A54870024308C85004C904C /* Sources */,
				6A54870124308C85004C904C /* Frameworks */,
				6A54870224308C85004C904C /* Resources */,
			);
			buildRules = (
			);
			dependencies = (
			);
			name = "Randog-1.0-Refactored";
			productName = "Randog-1.0";
			productReference = 6A54870424308C85004C904C /* Randog-1.0-Refactored.app */;
			productType = "com.apple.product-type.application";
		};
/* End PBXNativeTarget section */

/* Begin PBXProject section */
		6A5486FC24308C85004C904C /* Project object */ = {
			isa = PBXProject;
			attributes = {
				LastSwiftUpdateCheck = 1140;
				LastUpgradeCheck = 1140;
				ORGANIZATIONNAME = "Wolfgang Sigel";
				TargetAttributes = {
					6A54870324308C85004C904C = {
						CreatedOnToolsVersion = 11.4;
					};
				};
			};
			buildConfigurationList = 6A5486FF24308C85004C904C /* Build configuration list for PBXProject "Randog-1.0-Refactored" */;
			compatibilityVersion = "Xcode 9.3";
			developmentRegion = en;
			hasScannedForEncodings = 0;
			knownRegions = (
				en,
				Base,
			);
			mainGroup = 6A5486FB24308C85004C904C;
			productRefGroup = 6A54870524308C85004C904C /* Products */;
			projectDirPath = "";
			projectRoot = "";
			targets = (
				6A54870324308C85004C904C /* Randog-1.0-Refactored */,
			);
		};
/* End PBXProject section */

/* Begin PBXResourcesBuildPhase section */
		6A54870224308C85004C904C /* Resources */ = {
			isa = PBXResourcesBuildPhase;
			buildActionMask = 2147483647;
			files = (
				6A54871424308C85004C904C /* LaunchScreen.storyboard in Resources */,
				6A54871124308C85004C904C /* Assets.xcassets in Resources */,
				6A54870F24308C85004C904C /* Main.storyboard in Resources */,
			);
			runOnlyForDeploymentPostprocessing = 0;
		};
/* End PBXResourcesBuildPhase section */

/* Begin PBXSourcesBuildPhase section */
		6A54870024308C85004C904C /* Sources */ = {
			isa = PBXSourcesBuildPhase;
			buildActionMask = 2147483647;
			files = (
				6A54870C24308C85004C904C /* ViewController.swift in Sources */,
				6A54872124309570004C904C /* DogImage.swift in Sources */,
				6A54870824308C85004C904C /* AppDelegate.swift in Sources */,
				6A54870A24308C85004C904C /* SceneDelegate.swift in Sources */,
				6A54871F24308D6A004C904C /* DogAPI.swift in Sources */,
			);
			runOnlyForDeploymentPostprocessing = 0;
		};
/* End PBXSourcesBuildPhase section */

/* Begin PBXVariantGroup section */
		6A54870D24308C85004C904C /* Main.storyboard */ = {
			isa = PBXVariantGroup;
			children = (
				6A54870E24308C85004C904C /* Base */,
			);
			name = Main.storyboard;
			sourceTree = "<group>";
		};
		6A54871224308C85004C904C /* LaunchScreen.storyboard */ = {
			isa = PBXVariantGroup;
			children = (
				6A54871324308C85004C904C /* Base */,
			);
			name = LaunchScreen.storyboard;
			sourceTree = "<group>";
		};
/* End PBXVariantGroup section */

/* Begin XCBuildConfiguration section */
		6A54871624308C85004C904C /* Debug */ = {
			isa = XCBuildConfiguration;
			buildSettings = {
				ALWAYS_SEARCH_USER_PATHS = NO;
				CLANG_ANALYZER_NONNULL = YES;
				CLANG_ANALYZER_NUMBER_OBJECT_CONVERSION = YES_AGGRESSIVE;
				CLANG_CXX_LANGUAGE_STANDARD = "gnu++14";
				CLANG_CXX_LIBRARY = "libc++";
				CLANG_ENABLE_MODULES = YES;
				CLANG_ENABLE_OBJC_ARC = YES;
				CLANG_ENABLE_OBJC_WEAK = YES;
				CLANG_WARN_BLOCK_CAPTURE_AUTORELEASING = YES;
				CLANG_WARN_BOOL_CONVERSION = YES;
				CLANG_WARN_COMMA = YES;
				CLANG_WARN_CONSTANT_CONVERSION = YES;
				CLANG_WARN_DEPRECATED_OBJC_IMPLEMENTATIONS = YES;
				CLANG_WARN_DIRECT_OBJC_ISA_USAGE = YES_ERROR;
				CLANG_WARN_DOCUMENTATION_COMMENTS = YES;
				CLANG_WARN_EMPTY_BODY = YES;
				CLANG_WARN_ENUM_CONVERSION = YES;
				CLANG_WARN_INFINITE_RECURSION = YES;
				CLANG_WARN_INT_CONVERSION = YES;
				CLANG_WARN_NON_LITERAL_NULL_CONVERSION = YES;
				CLANG_WARN_OBJC_IMPLICIT_RETAIN_SELF = YES;
				CLANG_WARN_OBJC_LITERAL_CONVERSION = YES;
				CLANG_WARN_OBJC_ROOT_CLASS = YES_ERROR;
				CLANG_WARN_RANGE_LOOP_ANALYSIS = YES;
				CLANG_WARN_STRICT_PROTOTYPES = YES;
				CLANG_WARN_SUSPICIOUS_MOVE = YES;
				CLANG_WARN_UNGUARDED_AVAILABILITY = YES_AGGRESSIVE;
				CLANG_WARN_UNREACHABLE_CODE = YES;
				CLANG_WARN__DUPLICATE_METHOD_MATCH = YES;
				COPY_PHASE_STRIP = NO;
				DEBUG_INFORMATION_FORMAT = dwarf;
				ENABLE_STRICT_OBJC_MSGSEND = YES;
				ENABLE_TESTABILITY = YES;
				GCC_C_LANGUAGE_STANDARD = gnu11;
				GCC_DYNAMIC_NO_PIC = NO;
				GCC_NO_COMMON_BLOCKS = YES;
				GCC_OPTIMIZATION_LEVEL = 0;
				GCC_PREPROCESSOR_DEFINITIONS = (
					"DEBUG=1",
					"$(inherited)",
				);
				GCC_WARN_64_TO_32_BIT_CONVERSION = YES;
				GCC_WARN_ABOUT_RETURN_TYPE = YES_ERROR;
				GCC_WARN_UNDECLARED_SELECTOR = YES;
				GCC_WARN_UNINITIALIZED_AUTOS = YES_AGGRESSIVE;
				GCC_WARN_UNUSED_FUNCTION = YES;
				GCC_WARN_UNUSED_VARIABLE = YES;
				IPHONEOS_DEPLOYMENT_TARGET = 13.4;
				MTL_ENABLE_DEBUG_INFO = INCLUDE_SOURCE;
				MTL_FAST_MATH = YES;
				ONLY_ACTIVE_ARCH = YES;
				SDKROOT = iphoneos;
				SWIFT_ACTIVE_COMPILATION_CONDITIONS = DEBUG;
				SWIFT_OPTIMIZATION_LEVEL = "-Onone";
			};
			name = Debug;
		};
		6A54871724308C85004C904C /* Release */ = {
			isa = XCBuildConfiguration;
			buildSettings = {
				ALWAYS_SEARCH_USER_PATHS = NO;
				CLANG_ANALYZER_NONNULL = YES;
				CLANG_ANALYZER_NUMBER_OBJECT_CONVERSION = YES_AGGRESSIVE;
				CLANG_CXX_LANGUAGE_STANDARD = "gnu++14";
				CLANG_CXX_LIBRARY = "libc++";
				CLANG_ENABLE_MODULES = YES;
				CLANG_ENABLE_OBJC_ARC = YES;
				CLANG_ENABLE_OBJC_WEAK = YES;
				CLANG_WARN_BLOCK_CAPTURE_AUTORELEASING = YES;
				CLANG_WARN_BOOL_CONVERSION = YES;
				CLANG_WARN_COMMA = YES;
				CLANG_WARN_CONSTANT_CONVERSION = YES;
				CLANG_WARN_DEPRECATED_OBJC_IMPLEMENTATIONS = YES;
				CLANG_WARN_DIRECT_OBJC_ISA_USAGE = YES_ERROR;
				CLANG_WARN_DOCUMENTATION_COMMENTS = YES;
				CLANG_WARN_EMPTY_BODY = YES;
				CLANG_WARN_ENUM_CONVERSION = YES;
				CLANG_WARN_INFINITE_RECURSION = YES;
				CLANG_WARN_INT_CONVERSION = YES;
				CLANG_WARN_NON_LITERAL_NULL_CONVERSION = YES;
				CLANG_WARN_OBJC_IMPLICIT_RETAIN_SELF = YES;
				CLANG_WARN_OBJC_LITERAL_CONVERSION = YES;
				CLANG_WARN_OBJC_ROOT_CLASS = YES_ERROR;
				CLANG_WARN_RANGE_LOOP_ANALYSIS = YES;
				CLANG_WARN_STRICT_PROTOTYPES = YES;
				CLANG_WARN_SUSPICIOUS_MOVE = YES;
				CLANG_WARN_UNGUARDED_AVAILABILITY = YES_AGGRESSIVE;
				CLANG_WARN_UNREACHABLE_CODE = YES;
				CLANG_WARN__DUPLICATE_METHOD_MATCH = YES;
				COPY_PHASE_STRIP = NO;
				DEBUG_INFORMATION_FORMAT = "dwarf-with-dsym";
				ENABLE_NS_ASSERTIONS = NO;
				ENABLE_STRICT_OBJC_MSGSEND = YES;
				GCC_C_LANGUAGE_STANDARD = gnu11;
				GCC_NO_COMMON_BLOCKS = YES;
				GCC_WARN_64_TO_32_BIT_CONVERSION = YES;
				GCC_WARN_ABOUT_RETURN_TYPE = YES_ERROR;
				GCC_WARN_UNDECLARED_SELECTOR = YES;
				GCC_WARN_UNINITIALIZED_AUTOS = YES_AGGRESSIVE;
				GCC_WARN_UNUSED_FUNCTION = YES;
				GCC_WARN_UNUSED_VARIABLE = YES;
				IPHONEOS_DEPLOYMENT_TARGET = 13.4;
				MTL_ENABLE_DEBUG_INFO = NO;
				MTL_FAST_MATH = YES;
				SDKROOT = iphoneos;
				SWIFT_COMPILATION_MODE = wholemodule;
				SWIFT_OPTIMIZATION_LEVEL = "-O";
				VALIDATE_PRODUCT = YES;
			};
			name = Release;
		};
		6A54871924308C85004C904C /* Debug */ = {
			isa = XCBuildConfiguration;
			buildSettings = {
				ASSETCATALOG_COMPILER_APPICON_NAME = AppIcon;
				CODE_SIGN_STYLE = Automatic;
				INFOPLIST_FILE = "Randog-1.0-Refactored/Info.plist";
				LD_RUNPATH_SEARCH_PATHS = (
					"$(inherited)",
					"@executable_path/Frameworks",
				);
				PRODUCT_BUNDLE_IDENTIFIER = "com.wolfgangsigel.Randog-1-0-Refactored";
				PRODUCT_NAME = "$(TARGET_NAME)";
				SWIFT_VERSION = 5.0;
				TARGETED_DEVICE_FAMILY = "1,2";
			};
			name = Debug;
		};
		6A54871A24308C85004C904C /* Release */ = {
			isa = XCBuildConfiguration;
			buildSettings = {
				ASSETCATALOG_COMPILER_APPICON_NAME = AppIcon;
				CODE_SIGN_STYLE = Automatic;
				INFOPLIST_FILE = "Randog-1.0-Refactored/Info.plist";
				LD_RUNPATH_SEARCH_PATHS = (
					"$(inherited)",
					"@executable_path/Frameworks",
				);
				PRODUCT_BUNDLE_IDENTIFIER = "com.wolfgangsigel.Randog-1-0-Refactored";
				PRODUCT_NAME = "$(TARGET_NAME)";
				SWIFT_VERSION = 5.0;
				TARGETED_DEVICE_FAMILY = "1,2";
			};
			name = Release;
		};
/* End XCBuildConfiguration section */

/* Begin XCConfigurationList section */
		6A5486FF24308C85004C904C /* Build configuration list for PBXProject "Randog-1.0-Refactored" */ = {
			isa = XCConfigurationList;
			buildConfigurations = (
				6A54871624308C85004C904C /* Debug */,
				6A54871724308C85004C904C /* Release */,
			);
			defaultConfigurationIsVisible = 0;
			defaultConfigurationName = Release;
		};
		6A54871824308C85004C904C /* Build configuration list for PBXNativeTarget "Randog-1.0-Refactored" */ = {
			isa = XCConfigurationList;
			buildConfigurations = (
				6A54871924308C85004C904C /* Debug */,
				6A54871A24308C85004C904C /* Release */,
			);
			defaultConfigurationIsVisible = 0;
			defaultConfigurationName = Release;
		};
/* End XCConfigurationList section */
	};
	rootObject = 6A5486FC24308C85004C904C /* Project object */;
}
